
Microsoft Visual Studio Solution File, Format Version 12.00
# Visual Studio Version 17
VisualStudioVersion = 17.10.35027.167
MinimumVisualStudioVersion = 10.0.40219.1
Project("{9A19103F-16F7-4668-BE54-9A1E7A4F7556}") = "BlazorApp", "BlazorApp.csproj", "{1F0257F3-E8CD-4228-9398-DF5B4C62FCC2}"
EndProject
Global
	GlobalSection(SolutionConfigurationPlatforms) = preSolution
		Debug|Any CPU = Debug|Any CPU
		Release|Any CPU = Release|Any CPU
	EndGlobalSection
	GlobalSection(ProjectConfigurationPlatforms) = postSolution
		{1F0257F3-E8CD-4228-9398-DF5B4C62FCC2}.Debug|Any CPU.ActiveCfg = Debug|Any CPU
		{1F0257F3-E8CD-4228-9398-DF5B4C62FCC2}.Debug|Any CPU.Build.0 = Debug|Any CPU
		{1F0257F3-E8CD-4228-9398-DF5B4C62FCC2}.Release|Any CPU.ActiveCfg = Release|Any CPU
		{1F0257F3-E8CD-4228-9398-DF5B4C62FCC2}.Release|Any CPU.Build.0 = Release|Any CPU
	EndGlobalSection
	GlobalSection(SolutionProperties) = preSolution
		HideSolutionNode = FALSE
	EndGlobalSection
	GlobalSection(ExtensibilityGlobals) = postSolution
		SolutionGuid = {AB9FC3F7-46B0-4E26-A252-2FF774BAFBBF}
	EndGlobalSection
EndGlobal
