
Microsoft Visual Studio Solution File, Format Version 12.00
# Visual Studio Version 17
VisualStudioVersion = 17.10.35027.167
MinimumVisualStudioVersion = 10.0.40219.1
Project("{FAE04EC0-301F-11D3-BF4B-00C04F79EFBC}") = "x-ray", "src\x-ray\x-ray.csproj", "{69678513-D783-4F74-B67A-01C2B311C5DC}"
EndProject
Global
	GlobalSection(SolutionConfigurationPlatforms) = preSolution
		Debug|Any CPU = Debug|Any CPU
		Release|Any CPU = Release|Any CPU
	EndGlobalSection
	GlobalSection(ProjectConfigurationPlatforms) = postSolution
		{69678513-D783-4F74-B67A-01C2B311C5DC}.Debug|Any CPU.ActiveCfg = Debug|Any CPU
		{69678513-D783-4F74-B67A-01C2B311C5DC}.Debug|Any CPU.Build.0 = Debug|Any CPU
		{69678513-D783-4F74-B67A-01C2B311C5DC}.Release|Any CPU.ActiveCfg = Release|Any CPU
		{69678513-D783-4F74-B67A-01C2B311C5DC}.Release|Any CPU.Build.0 = Release|Any CPU
	EndGlobalSection
	GlobalSection(SolutionProperties) = preSolution
		HideSolutionNode = FALSE
	EndGlobalSection
	GlobalSection(ExtensibilityGlobals) = postSolution
		SolutionGuid = {60B85F5A-9B90-4279-AAD2-E492FC3B3571}
	EndGlobalSection
EndGlobal
